
Microsoft Visual Studio Solution File, Format Version 12.00
# Visual Studio Version 16
VisualStudioVersion = 16.0.30330.147
MinimumVisualStudioVersion = 10.0.40219.1
Project("{9A19103F-16F7-4668-BE54-9A1E7A4F7556}") = "XAbcPaymentSdkCore", "XAbcPaymentSdkCore.csproj", "{3B34A884-D597-4BBB-8856-8A333F702730}"
EndProject
Global
	GlobalSection(SolutionConfigurationPlatforms) = preSolution
		Debug|Any CPU = Debug|Any CPU
		Release|Any CPU = Release|Any CPU
	EndGlobalSection
	GlobalSection(ProjectConfigurationPlatforms) = postSolution
		{3B34A884-D597-4BBB-8856-8A333F702730}.Debug|Any CPU.ActiveCfg = Debug|Any CPU
		{3B34A884-D597-4BBB-8856-8A333F702730}.Debug|Any CPU.Build.0 = Debug|Any CPU
		{3B34A884-D597-4BBB-8856-8A333F702730}.Release|Any CPU.ActiveCfg = Release|Any CPU
		{3B34A884-D597-4BBB-8856-8A333F702730}.Release|Any CPU.Build.0 = Release|Any CPU
	EndGlobalSection
	GlobalSection(SolutionProperties) = preSolution
		HideSolutionNode = FALSE
	EndGlobalSection
	GlobalSection(ExtensibilityGlobals) = postSolution
		SolutionGuid = {8903EA23-8259-4ABE-89B2-A62993C58555}
	EndGlobalSection
EndGlobal
